
Microsoft Visual Studio Solution File, Format Version 12.00
# Visual Studio 15
VisualStudioVersion = 15.0.27703.2042
MinimumVisualStudioVersion = 10.0.40219.1
Project("{FAE04EC0-301F-11D3-BF4B-00C04F79EFBC}") = "LibraryManagement", "LibraryManagement\LibraryManagement.csproj", "{7C70F36B-6D54-4820-A900-5F41080AC949}"
EndProject
Project("{FAE04EC0-301F-11D3-BF4B-00C04F79EFBC}") = "Business", "Business\Business.csproj", "{F128D72A-B5BF-4DC2-A4BD-D6390243FC27}"
EndProject
Project("{FAE04EC0-301F-11D3-BF4B-00C04F79EFBC}") = "DAL", "DAL\DAL.csproj", "{8570938E-36B4-44D6-8AC7-472C392DA3AF}"
EndProject
Project("{FAE04EC0-301F-11D3-BF4B-00C04F79EFBC}") = "Common", "Common\Common.csproj", "{3E1E4542-F9BF-4E2B-A5C9-9601E4D97AEB}"
EndProject
Global
	GlobalSection(SolutionConfigurationPlatforms) = preSolution
		Debug|Any CPU = Debug|Any CPU
		Release|Any CPU = Release|Any CPU
	EndGlobalSection
	GlobalSection(ProjectConfigurationPlatforms) = postSolution
		{7C70F36B-6D54-4820-A900-5F41080AC949}.Debug|Any CPU.ActiveCfg = Debug|Any CPU
		{7C70F36B-6D54-4820-A900-5F41080AC949}.Debug|Any CPU.Build.0 = Debug|Any CPU
		{7C70F36B-6D54-4820-A900-5F41080AC949}.Release|Any CPU.ActiveCfg = Release|Any CPU
		{7C70F36B-6D54-4820-A900-5F41080AC949}.Release|Any CPU.Build.0 = Release|Any CPU
		{F128D72A-B5BF-4DC2-A4BD-D6390243FC27}.Debug|Any CPU.ActiveCfg = Debug|Any CPU
		{F128D72A-B5BF-4DC2-A4BD-D6390243FC27}.Debug|Any CPU.Build.0 = Debug|Any CPU
		{F128D72A-B5BF-4DC2-A4BD-D6390243FC27}.Release|Any CPU.ActiveCfg = Release|Any CPU
		{F128D72A-B5BF-4DC2-A4BD-D6390243FC27}.Release|Any CPU.Build.0 = Release|Any CPU
		{8570938E-36B4-44D6-8AC7-472C392DA3AF}.Debug|Any CPU.ActiveCfg = Debug|Any CPU
		{8570938E-36B4-44D6-8AC7-472C392DA3AF}.Debug|Any CPU.Build.0 = Debug|Any CPU
		{8570938E-36B4-44D6-8AC7-472C392DA3AF}.Release|Any CPU.ActiveCfg = Release|Any CPU
		{8570938E-36B4-44D6-8AC7-472C392DA3AF}.Release|Any CPU.Build.0 = Release|Any CPU
		{3E1E4542-F9BF-4E2B-A5C9-9601E4D97AEB}.Debug|Any CPU.ActiveCfg = Debug|Any CPU
		{3E1E4542-F9BF-4E2B-A5C9-9601E4D97AEB}.Debug|Any CPU.Build.0 = Debug|Any CPU
		{3E1E4542-F9BF-4E2B-A5C9-9601E4D97AEB}.Release|Any CPU.ActiveCfg = Release|Any CPU
		{3E1E4542-F9BF-4E2B-A5C9-9601E4D97AEB}.Release|Any CPU.Build.0 = Release|Any CPU
	EndGlobalSection
	GlobalSection(SolutionProperties) = preSolution
		HideSolutionNode = FALSE
	EndGlobalSection
	GlobalSection(ExtensibilityGlobals) = postSolution
		SolutionGuid = {F3011879-5564-41F1-B957-F5370839A7DE}
	EndGlobalSection
EndGlobal
